// !$*UTF8*$!
{
	archiveVersion = 1;
	classes = {
	};
	objectVersion = 48;
	objects = {

/* Begin PBXBuildFile section */
		840CA7EC1F79719A00EF8B87 /* AppDelegate.swift in Sources */ = {isa = PBXBuildFile; fileRef = 840CA7EB1F79719A00EF8B87 /* AppDelegate.swift */; };
		840CA7EE1F79719A00EF8B87 /* ViewController.swift in Sources */ = {isa = PBXBuildFile; fileRef = 840CA7ED1F79719A00EF8B87 /* ViewController.swift */; };
		840CA7F11F79719A00EF8B87 /* Main.storyboard in Resources */ = {isa = PBXBuildFile; fileRef = 840CA7EF1F79719A00EF8B87 /* Main.storyboard */; };
		840CA7F31F79719A00EF8B87 /* Assets.xcassets in Resources */ = {isa = PBXBuildFile; fileRef = 840CA7F21F79719A00EF8B87 /* Assets.xcassets */; };
		840CA7F61F79719A00EF8B87 /* LaunchScreen.storyboard in Resources */ = {isa = PBXBuildFile; fileRef = 840CA7F41F79719A00EF8B87 /* LaunchScreen.storyboard */; };
		840CA7FE1F79733F00EF8B87 /* RoverTableViewCell.swift in Sources */ = {isa = PBXBuildFile; fileRef = 840CA7FD1F79733F00EF8B87 /* RoverTableViewCell.swift */; };
		840CA8001F79788500EF8B87 /* RoverListViewController.swift in Sources */ = {isa = PBXBuildFile; fileRef = 840CA7FF1F79788500EF8B87 /* RoverListViewController.swift */; };
		840CA8051F799D2200EF8B87 /* RoverData.swift in Sources */ = {isa = PBXBuildFile; fileRef = 840CA8041F799D2200EF8B87 /* RoverData.swift */; };
		84415DC41F7A10A40084429F /* RoverDetailViewController.swift in Sources */ = {isa = PBXBuildFile; fileRef = 84415DC31F7A10A40084429F /* RoverDetailViewController.swift */; };
		84415DC71F7A79F00084429F /* RoversJSON.swift in Sources */ = {isa = PBXBuildFile; fileRef = 84415DC61F7A79F00084429F /* RoversJSON.swift */; };
		84415DC91F7A7A8E0084429F /* ManifestJSON.swift in Sources */ = {isa = PBXBuildFile; fileRef = 84415DC81F7A7A8E0084429F /* ManifestJSON.swift */; };
		84415DCB1F7A7AEA0084429F /* RoverPhotoJSON.swift in Sources */ = {isa = PBXBuildFile; fileRef = 84415DCA1F7A7AEA0084429F /* RoverPhotoJSON.swift */; };
/* End PBXBuildFile section */

/* Begin PBXFileReference section */
		840CA7E81F79719A00EF8B87 /* Rovers.app */ = {isa = PBXFileReference; explicitFileType = wrapper.application; includeInIndex = 0; path = Rovers.app; sourceTree = BUILT_PRODUCTS_DIR; };
		840CA7EB1F79719A00EF8B87 /* AppDelegate.swift */ = {isa = PBXFileReference; lastKnownFileType = sourcecode.swift; path = AppDelegate.swift; sourceTree = "<group>"; };
		840CA7ED1F79719A00EF8B87 /* ViewController.swift */ = {isa = PBXFileReference; lastKnownFileType = sourcecode.swift; path = ViewController.swift; sourceTree = "<group>"; };
		840CA7F01F79719A00EF8B87 /* Base */ = {isa = PBXFileReference; lastKnownFileType = file.storyboard; name = Base; path = Base.lproj/Main.storyboard; sourceTree = "<group>"; };
		840CA7F21F79719A00EF8B87 /* Assets.xcassets */ = {isa = PBXFileReference; lastKnownFileType = folder.assetcatalog; path = Assets.xcassets; sourceTree = "<group>"; };
		840CA7F51F79719A00EF8B87 /* Base */ = {isa = PBXFileReference; lastKnownFileType = file.storyboard; name = Base; path = Base.lproj/LaunchScreen.storyboard; sourceTree = "<group>"; };
		840CA7F71F79719A00EF8B87 /* Info.plist */ = {isa = PBXFileReference; lastKnownFileType = text.plist.xml; path = Info.plist; sourceTree = "<group>"; };
		840CA7FD1F79733F00EF8B87 /* RoverTableViewCell.swift */ = {isa = PBXFileReference; lastKnownFileType = sourcecode.swift; path = RoverTableViewCell.swift; sourceTree = "<group>"; };
		840CA7FF1F79788500EF8B87 /* RoverListViewController.swift */ = {isa = PBXFileReference; lastKnownFileType = sourcecode.swift; path = RoverListViewController.swift; sourceTree = "<group>"; };
		840CA8041F799D2200EF8B87 /* RoverData.swift */ = {isa = PBXFileReference; lastKnownFileType = sourcecode.swift; path = RoverData.swift; sourceTree = "<group>"; };
		84415DC31F7A10A40084429F /* RoverDetailViewController.swift */ = {isa = PBXFileReference; lastKnownFileType = sourcecode.swift; path = RoverDetailViewController.swift; sourceTree = "<group>"; };
		84415DC61F7A79F00084429F /* RoversJSON.swift */ = {isa = PBXFileReference; lastKnownFileType = sourcecode.swift; path = RoversJSON.swift; sourceTree = "<group>"; };
		84415DC81F7A7A8E0084429F /* ManifestJSON.swift */ = {isa = PBXFileReference; lastKnownFileType = sourcecode.swift; path = ManifestJSON.swift; sourceTree = "<group>"; };
		84415DCA1F7A7AEA0084429F /* RoverPhotoJSON.swift */ = {isa = PBXFileReference; lastKnownFileType = sourcecode.swift; path = RoverPhotoJSON.swift; sourceTree = "<group>"; };
/* End PBXFileReference section */

/* Begin PBXFrameworksBuildPhase section */
		840CA7E51F79719A00EF8B87 /* Frameworks */ = {
			isa = PBXFrameworksBuildPhase;
			buildActionMask = 2147483647;
			files = (
			);
			runOnlyForDeploymentPostprocessing = 0;
		};
/* End PBXFrameworksBuildPhase section */

/* Begin PBXGroup section */
		840CA7DF1F79719A00EF8B87 = {
			isa = PBXGroup;
			children = (
				840CA7EA1F79719A00EF8B87 /* Rovers */,
				840CA7E91F79719A00EF8B87 /* Products */,
			);
			sourceTree = "<group>";
		};
		840CA7E91F79719A00EF8B87 /* Products */ = {
			isa = PBXGroup;
			children = (
				840CA7E81F79719A00EF8B87 /* Rovers.app */,
			);
			name = Products;
			sourceTree = "<group>";
		};
		840CA7EA1F79719A00EF8B87 /* Rovers */ = {
			isa = PBXGroup;
			children = (
				840CA8031F79937E00EF8B87 /* Views */,
				840CA8021F79937400EF8B87 /* Controller */,
				840CA8011F79936B00EF8B87 /* Model */,
				840CA7EB1F79719A00EF8B87 /* AppDelegate.swift */,
				840CA7F21F79719A00EF8B87 /* Assets.xcassets */,
				840CA7F71F79719A00EF8B87 /* Info.plist */,
			);
			path = Rovers;
			sourceTree = "<group>";
		};
		840CA8011F79936B00EF8B87 /* Model */ = {
			isa = PBXGroup;
			children = (
				84415DC51F7A79C90084429F /* MTO */,
				840CA8041F799D2200EF8B87 /* RoverData.swift */,
			);
			path = Model;
			sourceTree = "<group>";
		};
		840CA8021F79937400EF8B87 /* Controller */ = {
			isa = PBXGroup;
			children = (
				840CA7ED1F79719A00EF8B87 /* ViewController.swift */,
				840CA7FF1F79788500EF8B87 /* RoverListViewController.swift */,
				840CA7FD1F79733F00EF8B87 /* RoverTableViewCell.swift */,
				84415DC31F7A10A40084429F /* RoverDetailViewController.swift */,
			);
			path = Controller;
			sourceTree = "<group>";
		};
		840CA8031F79937E00EF8B87 /* Views */ = {
			isa = PBXGroup;
			children = (
				840CA7EF1F79719A00EF8B87 /* Main.storyboard */,
				840CA7F41F79719A00EF8B87 /* LaunchScreen.storyboard */,
			);
			path = Views;
			sourceTree = "<group>";
		};
		84415DC51F7A79C90084429F /* MTO */ = {
			isa = PBXGroup;
			children = (
				84415DC61F7A79F00084429F /* RoversJSON.swift */,
				84415DC81F7A7A8E0084429F /* ManifestJSON.swift */,
				84415DCA1F7A7AEA0084429F /* RoverPhotoJSON.swift */,
			);
			path = MTO;
			sourceTree = "<group>";
		};
/* End PBXGroup section */

/* Begin PBXNativeTarget section */
		840CA7E71F79719A00EF8B87 /* Rovers */ = {
			isa = PBXNativeTarget;
			buildConfigurationList = 840CA7FA1F79719A00EF8B87 /* Build configuration list for PBXNativeTarget "Rovers" */;
			buildPhases = (
				840CA7E41F79719A00EF8B87 /* Sources */,
				840CA7E51F79719A00EF8B87 /* Frameworks */,
				840CA7E61F79719A00EF8B87 /* Resources */,
			);
			buildRules = (
			);
			dependencies = (
			);
			name = Rovers;
			productName = Rovers;
			productReference = 840CA7E81F79719A00EF8B87 /* Rovers.app */;
			productType = "com.apple.product-type.application";
		};
/* End PBXNativeTarget section */

/* Begin PBXProject section */
		840CA7E01F79719A00EF8B87 /* Project object */ = {
			isa = PBXProject;
			attributes = {
				LastSwiftUpdateCheck = 0900;
				LastUpgradeCheck = 0900;
				ORGANIZATIONNAME = pavbox;
				TargetAttributes = {
					840CA7E71F79719A00EF8B87 = {
						CreatedOnToolsVersion = 9.0;
						ProvisioningStyle = Automatic;
					};
				};
			};
			buildConfigurationList = 840CA7E31F79719A00EF8B87 /* Build configuration list for PBXProject "Rovers" */;
			compatibilityVersion = "Xcode 8.0";
			developmentRegion = en;
			hasScannedForEncodings = 0;
			knownRegions = (
				en,
				Base,
			);
			mainGroup = 840CA7DF1F79719A00EF8B87;
			productRefGroup = 840CA7E91F79719A00EF8B87 /* Products */;
			projectDirPath = "";
			projectRoot = "";
			targets = (
				840CA7E71F79719A00EF8B87 /* Rovers */,
			);
		};
/* End PBXProject section */

/* Begin PBXResourcesBuildPhase section */
		840CA7E61F79719A00EF8B87 /* Resources */ = {
			isa = PBXResourcesBuildPhase;
			buildActionMask = 2147483647;
			files = (
				840CA7F61F79719A00EF8B87 /* LaunchScreen.storyboard in Resources */,
				840CA7F31F79719A00EF8B87 /* Assets.xcassets in Resources */,
				840CA7F11F79719A00EF8B87 /* Main.storyboard in Resources */,
			);
			runOnlyForDeploymentPostprocessing = 0;
		};
/* End PBXResourcesBuildPhase section */

/* Begin PBXSourcesBuildPhase section */
		840CA7E41F79719A00EF8B87 /* Sources */ = {
			isa = PBXSourcesBuildPhase;
			buildActionMask = 2147483647;
			files = (
				84415DC91F7A7A8E0084429F /* ManifestJSON.swift in Sources */,
				840CA8051F799D2200EF8B87 /* RoverData.swift in Sources */,
				840CA7EE1F79719A00EF8B87 /* ViewController.swift in Sources */,
				84415DC41F7A10A40084429F /* RoverDetailViewController.swift in Sources */,
				840CA8001F79788500EF8B87 /* RoverListViewController.swift in Sources */,
				84415DC71F7A79F00084429F /* RoversJSON.swift in Sources */,
				84415DCB1F7A7AEA0084429F /* RoverPhotoJSON.swift in Sources */,
				840CA7FE1F79733F00EF8B87 /* RoverTableViewCell.swift in Sources */,
				840CA7EC1F79719A00EF8B87 /* AppDelegate.swift in Sources */,
			);
			runOnlyForDeploymentPostprocessing = 0;
		};
/* End PBXSourcesBuildPhase section */

/* Begin PBXVariantGroup section */
		840CA7EF1F79719A00EF8B87 /* Main.storyboard */ = {
			isa = PBXVariantGroup;
			children = (
				840CA7F01F79719A00EF8B87 /* Base */,
			);
			name = Main.storyboard;
			sourceTree = "<group>";
		};
		840CA7F41F79719A00EF8B87 /* LaunchScreen.storyboard */ = {
			isa = PBXVariantGroup;
			children = (
				840CA7F51F79719A00EF8B87 /* Base */,
			);
			name = LaunchScreen.storyboard;
			sourceTree = "<group>";
		};
/* End PBXVariantGroup section */

/* Begin XCBuildConfiguration section */
		840CA7F81F79719A00EF8B87 /* Debug */ = {
			isa = XCBuildConfiguration;
			buildSettings = {
				ALWAYS_SEARCH_USER_PATHS = NO;
				CLANG_ANALYZER_NONNULL = YES;
				CLANG_ANALYZER_NUMBER_OBJECT_CONVERSION = YES_AGGRESSIVE;
				CLANG_CXX_LANGUAGE_STANDARD = "gnu++14";
				CLANG_CXX_LIBRARY = "libc++";
				CLANG_ENABLE_MODULES = YES;
				CLANG_ENABLE_OBJC_ARC = YES;
				CLANG_WARN_BLOCK_CAPTURE_AUTORELEASING = YES;
				CLANG_WARN_BOOL_CONVERSION = YES;
				CLANG_WARN_COMMA = YES;
				CLANG_WARN_CONSTANT_CONVERSION = YES;
				CLANG_WARN_DIRECT_OBJC_ISA_USAGE = YES_ERROR;
				CLANG_WARN_DOCUMENTATION_COMMENTS = YES;
				CLANG_WARN_EMPTY_BODY = YES;
				CLANG_WARN_ENUM_CONVERSION = YES;
				CLANG_WARN_INFINITE_RECURSION = YES;
				CLANG_WARN_INT_CONVERSION = YES;
				CLANG_WARN_NON_LITERAL_NULL_CONVERSION = YES;
				CLANG_WARN_OBJC_LITERAL_CONVERSION = YES;
				CLANG_WARN_OBJC_ROOT_CLASS = YES_ERROR;
				CLANG_WARN_RANGE_LOOP_ANALYSIS = YES;
				CLANG_WARN_STRICT_PROTOTYPES = YES;
				CLANG_WARN_SUSPICIOUS_MOVE = YES;
				CLANG_WARN_UNGUARDED_AVAILABILITY = YES_AGGRESSIVE;
				CLANG_WARN_UNREACHABLE_CODE = YES;
				CLANG_WARN__DUPLICATE_METHOD_MATCH = YES;
				CODE_SIGN_IDENTITY = "iPhone Developer";
				COPY_PHASE_STRIP = NO;
				DEBUG_INFORMATION_FORMAT = dwarf;
				ENABLE_STRICT_OBJC_MSGSEND = YES;
				ENABLE_TESTABILITY = YES;
				GCC_C_LANGUAGE_STANDARD = gnu11;
				GCC_DYNAMIC_NO_PIC = NO;
				GCC_NO_COMMON_BLOCKS = YES;
				GCC_OPTIMIZATION_LEVEL = 0;
				GCC_PREPROCESSOR_DEFINITIONS = (
					"DEBUG=1",
					"$(inherited)",
				);
				GCC_WARN_64_TO_32_BIT_CONVERSION = YES;
				GCC_WARN_ABOUT_RETURN_TYPE = YES_ERROR;
				GCC_WARN_UNDECLARED_SELECTOR = YES;
				GCC_WARN_UNINITIALIZED_AUTOS = YES_AGGRESSIVE;
				GCC_WARN_UNUSED_FUNCTION = YES;
				GCC_WARN_UNUSED_VARIABLE = YES;
				IPHONEOS_DEPLOYMENT_TARGET = 10.0;
				MTL_ENABLE_DEBUG_INFO = YES;
				ONLY_ACTIVE_ARCH = YES;
				SDKROOT = iphoneos;
				SWIFT_ACTIVE_COMPILATION_CONDITIONS = DEBUG;
				SWIFT_OPTIMIZATION_LEVEL = "-Onone";
				TARGETED_DEVICE_FAMILY = "1,2";
			};
			name = Debug;
		};
		840CA7F91F79719A00EF8B87 /* Release */ = {
			isa = XCBuildConfiguration;
			buildSettings = {
				ALWAYS_SEARCH_USER_PATHS = NO;
				CLANG_ANALYZER_NONNULL = YES;
				CLANG_ANALYZER_NUMBER_OBJECT_CONVERSION = YES_AGGRESSIVE;
				CLANG_CXX_LANGUAGE_STANDARD = "gnu++14";
				CLANG_CXX_LIBRARY = "libc++";
				CLANG_ENABLE_MODULES = YES;
				CLANG_ENABLE_OBJC_ARC = YES;
				CLANG_WARN_BLOCK_CAPTURE_AUTORELEASING = YES;
				CLANG_WARN_BOOL_CONVERSION = YES;
				CLANG_WARN_COMMA = YES;
				CLANG_WARN_CONSTANT_CONVERSION = YES;
				CLANG_WARN_DIRECT_OBJC_ISA_USAGE = YES_ERROR;
				CLANG_WARN_DOCUMENTATION_COMMENTS = YES;
				CLANG_WARN_EMPTY_BODY = YES;
				CLANG_WARN_ENUM_CONVERSION = YES;
				CLANG_WARN_INFINITE_RECURSION = YES;
				CLANG_WARN_INT_CONVERSION = YES;
				CLANG_WARN_NON_LITERAL_NULL_CONVERSION = YES;
				CLANG_WARN_OBJC_LITERAL_CONVERSION = YES;
				CLANG_WARN_OBJC_ROOT_CLASS = YES_ERROR;
				CLANG_WARN_RANGE_LOOP_ANALYSIS = YES;
				CLANG_WARN_STRICT_PROTOTYPES = YES;
				CLANG_WARN_SUSPICIOUS_MOVE = YES;
				CLANG_WARN_UNGUARDED_AVAILABILITY = YES_AGGRESSIVE;
				CLANG_WARN_UNREACHABLE_CODE = YES;
				CLANG_WARN__DUPLICATE_METHOD_MATCH = YES;
				CODE_SIGN_IDENTITY = "iPhone Developer";
				COPY_PHASE_STRIP = NO;
				DEBUG_INFORMATION_FORMAT = "dwarf-with-dsym";
				ENABLE_NS_ASSERTIONS = NO;
				ENABLE_STRICT_OBJC_MSGSEND = YES;
				GCC_C_LANGUAGE_STANDARD = gnu11;
				GCC_NO_COMMON_BLOCKS = YES;
				GCC_WARN_64_TO_32_BIT_CONVERSION = YES;
				GCC_WARN_ABOUT_RETURN_TYPE = YES_ERROR;
				GCC_WARN_UNDECLARED_SELECTOR = YES;
				GCC_WARN_UNINITIALIZED_AUTOS = YES_AGGRESSIVE;
				GCC_WARN_UNUSED_FUNCTION = YES;
				GCC_WARN_UNUSED_VARIABLE = YES;
				IPHONEOS_DEPLOYMENT_TARGET = 10.0;
				MTL_ENABLE_DEBUG_INFO = NO;
				SDKROOT = iphoneos;
				SWIFT_OPTIMIZATION_LEVEL = "-Owholemodule";
				TARGETED_DEVICE_FAMILY = "1,2";
				VALIDATE_PRODUCT = YES;
			};
			name = Release;
		};
		840CA7FB1F79719A00EF8B87 /* Debug */ = {
			isa = XCBuildConfiguration;
			buildSettings = {
				ASSETCATALOG_COMPILER_APPICON_NAME = AppIcon;
				CODE_SIGN_STYLE = Automatic;
				DEVELOPMENT_TEAM = EKT5P9636M;
				INFOPLIST_FILE = Rovers/Info.plist;
				LD_RUNPATH_SEARCH_PATHS = "$(inherited) @executable_path/Frameworks";
				PRODUCT_BUNDLE_IDENTIFIER = com.pavbox.Rovers;
				PRODUCT_NAME = "$(TARGET_NAME)";
				SWIFT_VERSION = 4.0;
				TARGETED_DEVICE_FAMILY = 1;
			};
			name = Debug;
		};
		840CA7FC1F79719A00EF8B87 /* Release */ = {
			isa = XCBuildConfiguration;
			buildSettings = {
				ASSETCATALOG_COMPILER_APPICON_NAME = AppIcon;
				CODE_SIGN_STYLE = Automatic;
				DEVELOPMENT_TEAM = EKT5P9636M;
				INFOPLIST_FILE = Rovers/Info.plist;
				LD_RUNPATH_SEARCH_PATHS = "$(inherited) @executable_path/Frameworks";
				PRODUCT_BUNDLE_IDENTIFIER = com.pavbox.Rovers;
				PRODUCT_NAME = "$(TARGET_NAME)";
				SWIFT_VERSION = 4.0;
				TARGETED_DEVICE_FAMILY = 1;
			};
			name = Release;
		};
/* End XCBuildConfiguration section */

/* Begin XCConfigurationList section */
		840CA7E31F79719A00EF8B87 /* Build configuration list for PBXProject "Rovers" */ = {
			isa = XCConfigurationList;
			buildConfigurations = (
				840CA7F81F79719A00EF8B87 /* Debug */,
				840CA7F91F79719A00EF8B87 /* Release */,
			);
			defaultConfigurationIsVisible = 0;
			defaultConfigurationName = Release;
		};
		840CA7FA1F79719A00EF8B87 /* Build configuration list for PBXNativeTarget "Rovers" */ = {
			isa = XCConfigurationList;
			buildConfigurations = (
				840CA7FB1F79719A00EF8B87 /* Debug */,
				840CA7FC1F79719A00EF8B87 /* Release */,
			);
			defaultConfigurationIsVisible = 0;
			defaultConfigurationName = Release;
		};
/* End XCConfigurationList section */
	};
	rootObject = 840CA7E01F79719A00EF8B87 /* Project object */;
}
